
Microsoft Visual Studio Solution File, Format Version 12.00
# Visual Studio Version 17
VisualStudioVersion = 17.11.35312.102
MinimumVisualStudioVersion = 10.0.40219.1
Project("{8BC9CEB8-8B4A-11D0-8D11-00A0C91BC942}") = "its the final countdown", "its the final countdown\its the final countdown.vcxproj", "{B3B4E2DE-6051-41AE-B177-47FFAEFDCA0F}"
EndProject
Global
	GlobalSection(SolutionConfigurationPlatforms) = preSolution
		Debug|x64 = Debug|x64
		Debug|x86 = Debug|x86
		Release|x64 = Release|x64
		Release|x86 = Release|x86
	EndGlobalSection
	GlobalSection(ProjectConfigurationPlatforms) = postSolution
		{B3B4E2DE-6051-41AE-B177-47FFAEFDCA0F}.Debug|x64.ActiveCfg = Debug|x64
		{B3B4E2DE-6051-41AE-B177-47FFAEFDCA0F}.Debug|x64.Build.0 = Debug|x64
		{B3B4E2DE-6051-41AE-B177-47FFAEFDCA0F}.Debug|x86.ActiveCfg = Debug|Win32
		{B3B4E2DE-6051-41AE-B177-47FFAEFDCA0F}.Debug|x86.Build.0 = Debug|Win32
		{B3B4E2DE-6051-41AE-B177-47FFAEFDCA0F}.Release|x64.ActiveCfg = Release|x64
		{B3B4E2DE-6051-41AE-B177-47FFAEFDCA0F}.Release|x64.Build.0 = Release|x64
		{B3B4E2DE-6051-41AE-B177-47FFAEFDCA0F}.Release|x86.ActiveCfg = Release|Win32
		{B3B4E2DE-6051-41AE-B177-47FFAEFDCA0F}.Release|x86.Build.0 = Release|Win32
	EndGlobalSection
	GlobalSection(SolutionProperties) = preSolution
		HideSolutionNode = FALSE
	EndGlobalSection
	GlobalSection(ExtensibilityGlobals) = postSolution
		SolutionGuid = {DAC54D5B-FFB7-4F32-A5B0-B2010AA965CC}
	EndGlobalSection
EndGlobal
